
Microsoft Visual Studio Solution File, Format Version 12.00
# Visual Studio Version 17
VisualStudioVersion = 17.14.36623.8 d17.14
MinimumVisualStudioVersion = 10.0.40219.1
Project("{FAE04EC0-301F-11D3-BF4B-00C04F79EFBC}") = "WpfApp1", "WpfApp1.csproj", "{16D87B90-7C30-4A78-A679-FDB308E05FC7}"
EndProject
Global
	GlobalSection(SolutionConfigurationPlatforms) = preSolution
		Debug|Any CPU = Debug|Any CPU
		Release|Any CPU = Release|Any CPU
	EndGlobalSection
	GlobalSection(ProjectConfigurationPlatforms) = postSolution
		{16D87B90-7C30-4A78-A679-FDB308E05FC7}.Debug|Any CPU.ActiveCfg = Debug|Any CPU
		{16D87B90-7C30-4A78-A679-FDB308E05FC7}.Debug|Any CPU.Build.0 = Debug|Any CPU
		{16D87B90-7C30-4A78-A679-FDB308E05FC7}.Release|Any CPU.ActiveCfg = Release|Any CPU
		{16D87B90-7C30-4A78-A679-FDB308E05FC7}.Release|Any CPU.Build.0 = Release|Any CPU
	EndGlobalSection
	GlobalSection(SolutionProperties) = preSolution
		HideSolutionNode = FALSE
	EndGlobalSection
	GlobalSection(ExtensibilityGlobals) = postSolution
		SolutionGuid = {00F9A4F3-E07F-433C-879A-D996874D37BB}
	EndGlobalSection
EndGlobal
